// !$*UTF8*$!
{
	archiveVersion = 1;
	classes = {
	};
	objectVersion = 56;
	objects = {

/* Begin PBXBuildFile section */
		7215DB90294A57300091928E /* AppDelegate.swift in Sources */ = {isa = PBXBuildFile; fileRef = 7215DB8F294A57300091928E /* AppDelegate.swift */; };
		7215DB92294A57300091928E /* SceneDelegate.swift in Sources */ = {isa = PBXBuildFile; fileRef = 7215DB91294A57300091928E /* SceneDelegate.swift */; };
		7215DB94294A57300091928E /* HomeViewController.swift in Sources */ = {isa = PBXBuildFile; fileRef = 7215DB93294A57300091928E /* HomeViewController.swift */; };
		7215DB99294A57310091928E /* Assets.xcassets in Resources */ = {isa = PBXBuildFile; fileRef = 7215DB98294A57310091928E /* Assets.xcassets */; };
		7215DB9C294A57310091928E /* LaunchScreen.storyboard in Resources */ = {isa = PBXBuildFile; fileRef = 7215DB9A294A57310091928E /* LaunchScreen.storyboard */; };
		7215DBAB294A5A680091928E /* CALayer+Shadow.swift in Sources */ = {isa = PBXBuildFile; fileRef = 7215DBA6294A5A680091928E /* CALayer+Shadow.swift */; };
		7215DBAC294A5A680091928E /* ColorPaletteView.swift in Sources */ = {isa = PBXBuildFile; fileRef = 7215DBA7294A5A680091928E /* ColorPaletteView.swift */; };
		7215DBAD294A5A680091928E /* UIView+Pin.swift in Sources */ = {isa = PBXBuildFile; fileRef = 7215DBA8294A5A680091928E /* UIView+Pin.swift */; };
		7215DBAE294A5A680091928E /* UITableView+ReloadAnimation.swift in Sources */ = {isa = PBXBuildFile; fileRef = 7215DBA9294A5A680091928E /* UITableView+ReloadAnimation.swift */; };
		7215DBAF294A5A680091928E /* UIColor+rgba.swift in Sources */ = {isa = PBXBuildFile; fileRef = 7215DBAA294A5A680091928E /* UIColor+rgba.swift */; };
		7215DBB2294A5BBC0091928E /* StartViewController.swift in Sources */ = {isa = PBXBuildFile; fileRef = 7215DBB1294A5BBC0091928E /* StartViewController.swift */; };
		7215DBB4294A5BFE0091928E /* InitPetViewController.swift in Sources */ = {isa = PBXBuildFile; fileRef = 7215DBB3294A5BFE0091928E /* InitPetViewController.swift */; };
		7215DBB6294A5C1D0091928E /* SelectTimeViewController.swift in Sources */ = {isa = PBXBuildFile; fileRef = 7215DBB5294A5C1D0091928E /* SelectTimeViewController.swift */; };
		7215DBBC294A5D6C0091928E /* Style.swift in Sources */ = {isa = PBXBuildFile; fileRef = 7215DBBB294A5D6C0091928E /* Style.swift */; };
		7215DBBE294A61E00091928E /* TrackerViewController.swift in Sources */ = {isa = PBXBuildFile; fileRef = 7215DBBD294A61E00091928E /* TrackerViewController.swift */; };
		7215DBC0294A620F0091928E /* ProfileViewController.swift in Sources */ = {isa = PBXBuildFile; fileRef = 7215DBBF294A620F0091928E /* ProfileViewController.swift */; };
		7215DBC5294B8AD80091928E /* StatusModel.swift in Sources */ = {isa = PBXBuildFile; fileRef = 7215DBC4294B8AD80091928E /* StatusModel.swift */; };
		7215DBC7294B8CAC0091928E /* StatusView.swift in Sources */ = {isa = PBXBuildFile; fileRef = 7215DBC6294B8CAC0091928E /* StatusView.swift */; };
/* End PBXBuildFile section */

/* Begin PBXFileReference section */
		7215DB8C294A57300091928E /* Demodog.app */ = {isa = PBXFileReference; explicitFileType = wrapper.application; includeInIndex = 0; path = Demodog.app; sourceTree = BUILT_PRODUCTS_DIR; };
		7215DB8F294A57300091928E /* AppDelegate.swift */ = {isa = PBXFileReference; lastKnownFileType = sourcecode.swift; path = AppDelegate.swift; sourceTree = "<group>"; };
		7215DB91294A57300091928E /* SceneDelegate.swift */ = {isa = PBXFileReference; lastKnownFileType = sourcecode.swift; path = SceneDelegate.swift; sourceTree = "<group>"; };
		7215DB93294A57300091928E /* HomeViewController.swift */ = {isa = PBXFileReference; lastKnownFileType = sourcecode.swift; path = HomeViewController.swift; sourceTree = "<group>"; };
		7215DB98294A57310091928E /* Assets.xcassets */ = {isa = PBXFileReference; lastKnownFileType = folder.assetcatalog; path = Assets.xcassets; sourceTree = "<group>"; };
		7215DB9B294A57310091928E /* Base */ = {isa = PBXFileReference; lastKnownFileType = file.storyboard; name = Base; path = Base.lproj/LaunchScreen.storyboard; sourceTree = "<group>"; };
		7215DB9D294A57310091928E /* Info.plist */ = {isa = PBXFileReference; lastKnownFileType = text.plist.xml; path = Info.plist; sourceTree = "<group>"; };
		7215DBA6294A5A680091928E /* CALayer+Shadow.swift */ = {isa = PBXFileReference; fileEncoding = 4; lastKnownFileType = sourcecode.swift; path = "CALayer+Shadow.swift"; sourceTree = "<group>"; };
		7215DBA7294A5A680091928E /* ColorPaletteView.swift */ = {isa = PBXFileReference; fileEncoding = 4; lastKnownFileType = sourcecode.swift; path = ColorPaletteView.swift; sourceTree = "<group>"; };
		7215DBA8294A5A680091928E /* UIView+Pin.swift */ = {isa = PBXFileReference; fileEncoding = 4; lastKnownFileType = sourcecode.swift; path = "UIView+Pin.swift"; sourceTree = "<group>"; };
		7215DBA9294A5A680091928E /* UITableView+ReloadAnimation.swift */ = {isa = PBXFileReference; fileEncoding = 4; lastKnownFileType = sourcecode.swift; path = "UITableView+ReloadAnimation.swift"; sourceTree = "<group>"; };
		7215DBAA294A5A680091928E /* UIColor+rgba.swift */ = {isa = PBXFileReference; fileEncoding = 4; lastKnownFileType = sourcecode.swift; path = "UIColor+rgba.swift"; sourceTree = "<group>"; };
		7215DBB1294A5BBC0091928E /* StartViewController.swift */ = {isa = PBXFileReference; lastKnownFileType = sourcecode.swift; path = StartViewController.swift; sourceTree = "<group>"; };
		7215DBB3294A5BFE0091928E /* InitPetViewController.swift */ = {isa = PBXFileReference; lastKnownFileType = sourcecode.swift; path = InitPetViewController.swift; sourceTree = "<group>"; };
		7215DBB5294A5C1D0091928E /* SelectTimeViewController.swift */ = {isa = PBXFileReference; lastKnownFileType = sourcecode.swift; path = SelectTimeViewController.swift; sourceTree = "<group>"; };
		7215DBBB294A5D6C0091928E /* Style.swift */ = {isa = PBXFileReference; lastKnownFileType = sourcecode.swift; path = Style.swift; sourceTree = "<group>"; };
		7215DBBD294A61E00091928E /* TrackerViewController.swift */ = {isa = PBXFileReference; lastKnownFileType = sourcecode.swift; path = TrackerViewController.swift; sourceTree = "<group>"; };
		7215DBBF294A620F0091928E /* ProfileViewController.swift */ = {isa = PBXFileReference; lastKnownFileType = sourcecode.swift; path = ProfileViewController.swift; sourceTree = "<group>"; };
		7215DBC4294B8AD80091928E /* StatusModel.swift */ = {isa = PBXFileReference; lastKnownFileType = sourcecode.swift; path = StatusModel.swift; sourceTree = "<group>"; };
		7215DBC6294B8CAC0091928E /* StatusView.swift */ = {isa = PBXFileReference; lastKnownFileType = sourcecode.swift; path = StatusView.swift; sourceTree = "<group>"; };
/* End PBXFileReference section */

/* Begin PBXFrameworksBuildPhase section */
		7215DB89294A57300091928E /* Frameworks */ = {
			isa = PBXFrameworksBuildPhase;
			buildActionMask = 2147483647;
			files = (
			);
			runOnlyForDeploymentPostprocessing = 0;
		};
/* End PBXFrameworksBuildPhase section */

/* Begin PBXGroup section */
		7215DB83294A57300091928E = {
			isa = PBXGroup;
			children = (
				7215DB8E294A57300091928E /* Demodog */,
				7215DB8D294A57300091928E /* Products */,
			);
			sourceTree = "<group>";
		};
		7215DB8D294A57300091928E /* Products */ = {
			isa = PBXGroup;
			children = (
				7215DB8C294A57300091928E /* Demodog.app */,
			);
			name = Products;
			sourceTree = "<group>";
		};
		7215DB8E294A57300091928E /* Demodog */ = {
			isa = PBXGroup;
			children = (
				7215DBBA294A5D4C0091928E /* res */,
				7215DBA5294A5A680091928E /* Libraries */,
				7215DBA3294A5A260091928E /* Delegates */,
				7215DBB7294A5D110091928E /* src */,
				7215DB98294A57310091928E /* Assets.xcassets */,
				7215DB9A294A57310091928E /* LaunchScreen.storyboard */,
				7215DB9D294A57310091928E /* Info.plist */,
			);
			path = Demodog;
			sourceTree = "<group>";
		};
		7215DBA3294A5A260091928E /* Delegates */ = {
			isa = PBXGroup;
			children = (
				7215DB8F294A57300091928E /* AppDelegate.swift */,
				7215DB91294A57300091928E /* SceneDelegate.swift */,
			);
			path = Delegates;
			sourceTree = "<group>";
		};
		7215DBA5294A5A680091928E /* Libraries */ = {
			isa = PBXGroup;
			children = (
				7215DBA6294A5A680091928E /* CALayer+Shadow.swift */,
				7215DBA7294A5A680091928E /* ColorPaletteView.swift */,
				7215DBA8294A5A680091928E /* UIView+Pin.swift */,
				7215DBA9294A5A680091928E /* UITableView+ReloadAnimation.swift */,
				7215DBAA294A5A680091928E /* UIColor+rgba.swift */,
			);
			path = Libraries;
			sourceTree = "<group>";
		};
		7215DBB0294A5AAA0091928E /* Controllers */ = {
			isa = PBXGroup;
			children = (
				7215DB93294A57300091928E /* HomeViewController.swift */,
				7215DBBD294A61E00091928E /* TrackerViewController.swift */,
				7215DBBF294A620F0091928E /* ProfileViewController.swift */,
				7215DBB1294A5BBC0091928E /* StartViewController.swift */,
				7215DBB3294A5BFE0091928E /* InitPetViewController.swift */,
				7215DBB5294A5C1D0091928E /* SelectTimeViewController.swift */,
			);
			path = Controllers;
			sourceTree = "<group>";
		};
		7215DBB7294A5D110091928E /* src */ = {
			isa = PBXGroup;
			children = (
				7215DBB9294A5D380091928E /* Views */,
				7215DBB8294A5D260091928E /* Models */,
				7215DBB0294A5AAA0091928E /* Controllers */,
			);
			path = src;
			sourceTree = "<group>";
		};
		7215DBB8294A5D260091928E /* Models */ = {
			isa = PBXGroup;
			children = (
				7215DBC4294B8AD80091928E /* StatusModel.swift */,
			);
			path = Models;
			sourceTree = "<group>";
		};
		7215DBB9294A5D380091928E /* Views */ = {
			isa = PBXGroup;
			children = (
				7215DBC6294B8CAC0091928E /* StatusView.swift */,
			);
			path = Views;
			sourceTree = "<group>";
		};
		7215DBBA294A5D4C0091928E /* res */ = {
			isa = PBXGroup;
			children = (
				7215DBC1294B3B470091928E /* Icons */,
				7215DBBB294A5D6C0091928E /* Style.swift */,
			);
			path = res;
			sourceTree = "<group>";
		};
		7215DBC1294B3B470091928E /* Icons */ = {
			isa = PBXGroup;
			children = (
			);
			path = Icons;
			sourceTree = "<group>";
		};
/* End PBXGroup section */

/* Begin PBXNativeTarget section */
		7215DB8B294A57300091928E /* Demodog */ = {
			isa = PBXNativeTarget;
			buildConfigurationList = 7215DBA0294A57310091928E /* Build configuration list for PBXNativeTarget "Demodog" */;
			buildPhases = (
				7215DB88294A57300091928E /* Sources */,
				7215DB89294A57300091928E /* Frameworks */,
				7215DB8A294A57300091928E /* Resources */,
			);
			buildRules = (
			);
			dependencies = (
			);
			name = Demodog;
			productName = Demodog;
			productReference = 7215DB8C294A57300091928E /* Demodog.app */;
			productType = "com.apple.product-type.application";
		};
/* End PBXNativeTarget section */

/* Begin PBXProject section */
		7215DB84294A57300091928E /* Project object */ = {
			isa = PBXProject;
			attributes = {
				BuildIndependentTargetsInParallel = 1;
				LastSwiftUpdateCheck = 1400;
				LastUpgradeCheck = 1400;
				TargetAttributes = {
					7215DB8B294A57300091928E = {
						CreatedOnToolsVersion = 14.0.1;
					};
				};
			};
			buildConfigurationList = 7215DB87294A57300091928E /* Build configuration list for PBXProject "Demodog" */;
			compatibilityVersion = "Xcode 14.0";
			developmentRegion = en;
			hasScannedForEncodings = 0;
			knownRegions = (
				en,
				Base,
			);
			mainGroup = 7215DB83294A57300091928E;
			productRefGroup = 7215DB8D294A57300091928E /* Products */;
			projectDirPath = "";
			projectRoot = "";
			targets = (
				7215DB8B294A57300091928E /* Demodog */,
			);
		};
/* End PBXProject section */

/* Begin PBXResourcesBuildPhase section */
		7215DB8A294A57300091928E /* Resources */ = {
			isa = PBXResourcesBuildPhase;
			buildActionMask = 2147483647;
			files = (
				7215DB9C294A57310091928E /* LaunchScreen.storyboard in Resources */,
				7215DB99294A57310091928E /* Assets.xcassets in Resources */,
			);
			runOnlyForDeploymentPostprocessing = 0;
		};
/* End PBXResourcesBuildPhase section */

/* Begin PBXSourcesBuildPhase section */
		7215DB88294A57300091928E /* Sources */ = {
			isa = PBXSourcesBuildPhase;
			buildActionMask = 2147483647;
			files = (
				7215DBAE294A5A680091928E /* UITableView+ReloadAnimation.swift in Sources */,
				7215DBBC294A5D6C0091928E /* Style.swift in Sources */,
				7215DBAF294A5A680091928E /* UIColor+rgba.swift in Sources */,
				7215DBB4294A5BFE0091928E /* InitPetViewController.swift in Sources */,
				7215DBC0294A620F0091928E /* ProfileViewController.swift in Sources */,
				7215DBB6294A5C1D0091928E /* SelectTimeViewController.swift in Sources */,
				7215DB94294A57300091928E /* HomeViewController.swift in Sources */,
				7215DBAC294A5A680091928E /* ColorPaletteView.swift in Sources */,
				7215DBAD294A5A680091928E /* UIView+Pin.swift in Sources */,
				7215DBBE294A61E00091928E /* TrackerViewController.swift in Sources */,
				7215DBC7294B8CAC0091928E /* StatusView.swift in Sources */,
				7215DBB2294A5BBC0091928E /* StartViewController.swift in Sources */,
				7215DBC5294B8AD80091928E /* StatusModel.swift in Sources */,
				7215DBAB294A5A680091928E /* CALayer+Shadow.swift in Sources */,
				7215DB90294A57300091928E /* AppDelegate.swift in Sources */,
				7215DB92294A57300091928E /* SceneDelegate.swift in Sources */,
			);
			runOnlyForDeploymentPostprocessing = 0;
		};
/* End PBXSourcesBuildPhase section */

/* Begin PBXVariantGroup section */
		7215DB9A294A57310091928E /* LaunchScreen.storyboard */ = {
			isa = PBXVariantGroup;
			children = (
				7215DB9B294A57310091928E /* Base */,
			);
			name = LaunchScreen.storyboard;
			sourceTree = "<group>";
		};
/* End PBXVariantGroup section */

/* Begin XCBuildConfiguration section */
		7215DB9E294A57310091928E /* Debug */ = {
			isa = XCBuildConfiguration;
			buildSettings = {
				ALWAYS_SEARCH_USER_PATHS = NO;
				CLANG_ANALYZER_NONNULL = YES;
				CLANG_ANALYZER_NUMBER_OBJECT_CONVERSION = YES_AGGRESSIVE;
				CLANG_CXX_LANGUAGE_STANDARD = "gnu++20";
				CLANG_ENABLE_MODULES = YES;
				CLANG_ENABLE_OBJC_ARC = YES;
				CLANG_ENABLE_OBJC_WEAK = YES;
				CLANG_WARN_BLOCK_CAPTURE_AUTORELEASING = YES;
				CLANG_WARN_BOOL_CONVERSION = YES;
				CLANG_WARN_COMMA = YES;
				CLANG_WARN_CONSTANT_CONVERSION = YES;
				CLANG_WARN_DEPRECATED_OBJC_IMPLEMENTATIONS = YES;
				CLANG_WARN_DIRECT_OBJC_ISA_USAGE = YES_ERROR;
				CLANG_WARN_DOCUMENTATION_COMMENTS = YES;
				CLANG_WARN_EMPTY_BODY = YES;
				CLANG_WARN_ENUM_CONVERSION = YES;
				CLANG_WARN_INFINITE_RECURSION = YES;
				CLANG_WARN_INT_CONVERSION = YES;
				CLANG_WARN_NON_LITERAL_NULL_CONVERSION = YES;
				CLANG_WARN_OBJC_IMPLICIT_RETAIN_SELF = YES;
				CLANG_WARN_OBJC_LITERAL_CONVERSION = YES;
				CLANG_WARN_OBJC_ROOT_CLASS = YES_ERROR;
				CLANG_WARN_QUOTED_INCLUDE_IN_FRAMEWORK_HEADER = YES;
				CLANG_WARN_RANGE_LOOP_ANALYSIS = YES;
				CLANG_WARN_STRICT_PROTOTYPES = YES;
				CLANG_WARN_SUSPICIOUS_MOVE = YES;
				CLANG_WARN_UNGUARDED_AVAILABILITY = YES_AGGRESSIVE;
				CLANG_WARN_UNREACHABLE_CODE = YES;
				CLANG_WARN__DUPLICATE_METHOD_MATCH = YES;
				COPY_PHASE_STRIP = NO;
				DEBUG_INFORMATION_FORMAT = dwarf;
				ENABLE_STRICT_OBJC_MSGSEND = YES;
				ENABLE_TESTABILITY = YES;
				GCC_C_LANGUAGE_STANDARD = gnu11;
				GCC_DYNAMIC_NO_PIC = NO;
				GCC_NO_COMMON_BLOCKS = YES;
				GCC_OPTIMIZATION_LEVEL = 0;
				GCC_PREPROCESSOR_DEFINITIONS = (
					"DEBUG=1",
					"$(inherited)",
				);
				GCC_WARN_64_TO_32_BIT_CONVERSION = YES;
				GCC_WARN_ABOUT_RETURN_TYPE = YES_ERROR;
				GCC_WARN_UNDECLARED_SELECTOR = YES;
				GCC_WARN_UNINITIALIZED_AUTOS = YES_AGGRESSIVE;
				GCC_WARN_UNUSED_FUNCTION = YES;
				GCC_WARN_UNUSED_VARIABLE = YES;
				IPHONEOS_DEPLOYMENT_TARGET = 16.0;
				MTL_ENABLE_DEBUG_INFO = INCLUDE_SOURCE;
				MTL_FAST_MATH = YES;
				ONLY_ACTIVE_ARCH = YES;
				SDKROOT = iphoneos;
				SWIFT_ACTIVE_COMPILATION_CONDITIONS = DEBUG;
				SWIFT_OPTIMIZATION_LEVEL = "-Onone";
			};
			name = Debug;
		};
		7215DB9F294A57310091928E /* Release */ = {
			isa = XCBuildConfiguration;
			buildSettings = {
				ALWAYS_SEARCH_USER_PATHS = NO;
				CLANG_ANALYZER_NONNULL = YES;
				CLANG_ANALYZER_NUMBER_OBJECT_CONVERSION = YES_AGGRESSIVE;
				CLANG_CXX_LANGUAGE_STANDARD = "gnu++20";
				CLANG_ENABLE_MODULES = YES;
				CLANG_ENABLE_OBJC_ARC = YES;
				CLANG_ENABLE_OBJC_WEAK = YES;
				CLANG_WARN_BLOCK_CAPTURE_AUTORELEASING = YES;
				CLANG_WARN_BOOL_CONVERSION = YES;
				CLANG_WARN_COMMA = YES;
				CLANG_WARN_CONSTANT_CONVERSION = YES;
				CLANG_WARN_DEPRECATED_OBJC_IMPLEMENTATIONS = YES;
				CLANG_WARN_DIRECT_OBJC_ISA_USAGE = YES_ERROR;
				CLANG_WARN_DOCUMENTATION_COMMENTS = YES;
				CLANG_WARN_EMPTY_BODY = YES;
				CLANG_WARN_ENUM_CONVERSION = YES;
				CLANG_WARN_INFINITE_RECURSION = YES;
				CLANG_WARN_INT_CONVERSION = YES;
				CLANG_WARN_NON_LITERAL_NULL_CONVERSION = YES;
				CLANG_WARN_OBJC_IMPLICIT_RETAIN_SELF = YES;
				CLANG_WARN_OBJC_LITERAL_CONVERSION = YES;
				CLANG_WARN_OBJC_ROOT_CLASS = YES_ERROR;
				CLANG_WARN_QUOTED_INCLUDE_IN_FRAMEWORK_HEADER = YES;
				CLANG_WARN_RANGE_LOOP_ANALYSIS = YES;
				CLANG_WARN_STRICT_PROTOTYPES = YES;
				CLANG_WARN_SUSPICIOUS_MOVE = YES;
				CLANG_WARN_UNGUARDED_AVAILABILITY = YES_AGGRESSIVE;
				CLANG_WARN_UNREACHABLE_CODE = YES;
				CLANG_WARN__DUPLICATE_METHOD_MATCH = YES;
				COPY_PHASE_STRIP = NO;
				DEBUG_INFORMATION_FORMAT = "dwarf-with-dsym";
				ENABLE_NS_ASSERTIONS = NO;
				ENABLE_STRICT_OBJC_MSGSEND = YES;
				GCC_C_LANGUAGE_STANDARD = gnu11;
				GCC_NO_COMMON_BLOCKS = YES;
				GCC_WARN_64_TO_32_BIT_CONVERSION = YES;
				GCC_WARN_ABOUT_RETURN_TYPE = YES_ERROR;
				GCC_WARN_UNDECLARED_SELECTOR = YES;
				GCC_WARN_UNINITIALIZED_AUTOS = YES_AGGRESSIVE;
				GCC_WARN_UNUSED_FUNCTION = YES;
				GCC_WARN_UNUSED_VARIABLE = YES;
				IPHONEOS_DEPLOYMENT_TARGET = 16.0;
				MTL_ENABLE_DEBUG_INFO = NO;
				MTL_FAST_MATH = YES;
				SDKROOT = iphoneos;
				SWIFT_COMPILATION_MODE = wholemodule;
				SWIFT_OPTIMIZATION_LEVEL = "-O";
				VALIDATE_PRODUCT = YES;
			};
			name = Release;
		};
		7215DBA1294A57310091928E /* Debug */ = {
			isa = XCBuildConfiguration;
			buildSettings = {
				ASSETCATALOG_COMPILER_APPICON_NAME = AppIcon;
				ASSETCATALOG_COMPILER_GLOBAL_ACCENT_COLOR_NAME = AccentColor;
				CODE_SIGN_STYLE = Automatic;
				CURRENT_PROJECT_VERSION = 1;
				GENERATE_INFOPLIST_FILE = YES;
				INFOPLIST_FILE = Demodog/Info.plist;
				INFOPLIST_KEY_UIApplicationSupportsIndirectInputEvents = YES;
				INFOPLIST_KEY_UILaunchStoryboardName = LaunchScreen;
				INFOPLIST_KEY_UISupportedInterfaceOrientations_iPad = "UIInterfaceOrientationPortrait UIInterfaceOrientationPortraitUpsideDown UIInterfaceOrientationLandscapeLeft UIInterfaceOrientationLandscapeRight";
				INFOPLIST_KEY_UISupportedInterfaceOrientations_iPhone = "UIInterfaceOrientationPortrait UIInterfaceOrientationLandscapeLeft UIInterfaceOrientationLandscapeRight";
				LD_RUNPATH_SEARCH_PATHS = (
					"$(inherited)",
					"@executable_path/Frameworks",
				);
				MARKETING_VERSION = 1.0;
				PRODUCT_BUNDLE_IDENTIFIER = com.yakun.Demodog;
				PRODUCT_NAME = "$(TARGET_NAME)";
				SWIFT_EMIT_LOC_STRINGS = YES;
				SWIFT_VERSION = 5.0;
				TARGETED_DEVICE_FAMILY = "1,2";
			};
			name = Debug;
		};
		7215DBA2294A57310091928E /* Release */ = {
			isa = XCBuildConfiguration;
			buildSettings = {
				ASSETCATALOG_COMPILER_APPICON_NAME = AppIcon;
				ASSETCATALOG_COMPILER_GLOBAL_ACCENT_COLOR_NAME = AccentColor;
				CODE_SIGN_STYLE = Automatic;
				CURRENT_PROJECT_VERSION = 1;
				GENERATE_INFOPLIST_FILE = YES;
				INFOPLIST_FILE = Demodog/Info.plist;
				INFOPLIST_KEY_UIApplicationSupportsIndirectInputEvents = YES;
				INFOPLIST_KEY_UILaunchStoryboardName = LaunchScreen;
				INFOPLIST_KEY_UISupportedInterfaceOrientations_iPad = "UIInterfaceOrientationPortrait UIInterfaceOrientationPortraitUpsideDown UIInterfaceOrientationLandscapeLeft UIInterfaceOrientationLandscapeRight";
				INFOPLIST_KEY_UISupportedInterfaceOrientations_iPhone = "UIInterfaceOrientationPortrait UIInterfaceOrientationLandscapeLeft UIInterfaceOrientationLandscapeRight";
				LD_RUNPATH_SEARCH_PATHS = (
					"$(inherited)",
					"@executable_path/Frameworks",
				);
				MARKETING_VERSION = 1.0;
				PRODUCT_BUNDLE_IDENTIFIER = com.yakun.Demodog;
				PRODUCT_NAME = "$(TARGET_NAME)";
				SWIFT_EMIT_LOC_STRINGS = YES;
				SWIFT_VERSION = 5.0;
				TARGETED_DEVICE_FAMILY = "1,2";
			};
			name = Release;
		};
/* End XCBuildConfiguration section */

/* Begin XCConfigurationList section */
		7215DB87294A57300091928E /* Build configuration list for PBXProject "Demodog" */ = {
			isa = XCConfigurationList;
			buildConfigurations = (
				7215DB9E294A57310091928E /* Debug */,
				7215DB9F294A57310091928E /* Release */,
			);
			defaultConfigurationIsVisible = 0;
			defaultConfigurationName = Release;
		};
		7215DBA0294A57310091928E /* Build configuration list for PBXNativeTarget "Demodog" */ = {
			isa = XCConfigurationList;
			buildConfigurations = (
				7215DBA1294A57310091928E /* Debug */,
				7215DBA2294A57310091928E /* Release */,
			);
			defaultConfigurationIsVisible = 0;
			defaultConfigurationName = Release;
		};
/* End XCConfigurationList section */
	};
	rootObject = 7215DB84294A57300091928E /* Project object */;
}
